<?xml version="1.0" encoding="utf-8"?>
<Project ToolsVersion="4.0" xmlns="http://schemas.microsoft.com/developer/msbuild/2003">
  <ItemGroup>
    <Filter Include="Source">
      <UniqueIdentifier>{4FC737F1-C7A5-4376-A066-2A32D752A2FF}</UniqueIdentifier>
      <Extensions>cpp;c;cc;cxx;def;odl;idl;hpj;bat;asm;asmx</Extensions>
    </Filter>
    <Filter Include="Resource">
      <UniqueIdentifier>{67DA6AB6-F800-4c08-8B7A-83BB121AAD01}</UniqueIdentifier>
      <Extensions>rc;ico;cur;bmp;dlg;rc2;rct;bin;rgs;gif;jpg;jpeg;jpe;resx;tiff;tif;png;wav;mfcribbon-ms</Extensions>
    </Filter>
    <Filter Include="Source\Renderer">
      <UniqueIdentifier>{ac962e1b-8b0f-4eec-856e-f10cf1b5c005}</UniqueIdentifier>
    </Filter>
    <Filter Include="Source\Camera">
      <UniqueIdentifier>{6a712bd0-e9c3-42be-b31d-0f188f03d987}</UniqueIdentifier>
    </Filter>
    <Filter Include="Source\Application">
      <UniqueIdentifier>{8c7f5131-9365-4a44-a6a3-2f2c8a5f3a8e}</UniqueIdentifier>
    </Filter>
    <Filter Include="Source\Utils">
      <UniqueIdentifier>{4c11c9d1-5fbb-460c-ae99-9b52fc8e1459}</UniqueIdentifier>
    </Filter>
    <Filter Include="Source\Game">
      <UniqueIdentifier>{60b6dcd5-4186-48de-8ef8-ed1da33b0023}</UniqueIdentifier>
    </Filter>
    <Filter Include="Source\Inputs">
      <UniqueIdentifier>{c8ee843c-450c-4598-95c6-12ed4892f921}</UniqueIdentifier>
    </Filter>
    <Filter Include="Source\Objects">
      <UniqueIdentifier>{d3bff7c6-57c3-4c3a-95e6-fe6651612218}</UniqueIdentifier>
    </Filter>
    <Filter Include="Source\Gameplay">
      <UniqueIdentifier>{25423a4a-d95d-4393-b310-ef24042ca626}</UniqueIdentifier>
    </Filter>
    <Filter Include="Source\Collisions">
      <UniqueIdentifier>{0a3a82fe-be77-4d2c-b9cc-59fc34cf81fb}</UniqueIdentifier>
    </Filter>
  </ItemGroup>
  <ItemGroup>
    <ClCompile Include="Renderer.cpp">
      <Filter>Source\Renderer</Filter>
    </ClCompile>
    <ClCompile Include="CameraManager.cpp">
      <Filter>Source\Camera</Filter>
    </ClCompile>
    <ClCompile Include="Application.cpp">
      <Filter>Source\Application</Filter>
    </ClCompile>
    <ClCompile Include="Main.cpp">
      <Filter>Source\Application</Filter>
    </ClCompile>
    <ClCompile Include="Math.cpp">
      <Filter>Source\Utils</Filter>
    </ClCompile>
    <ClCompile Include="Timer.cpp">
      <Filter>Source\Utils</Filter>
    </ClCompile>
    <ClCompile Include="Window.cpp">
      <Filter>Source\Application</Filter>
    </ClCompile>
    <ClCompile Include="LineRenderer.cpp">
      <Filter>Source\Renderer</Filter>
    </ClCompile>
    <ClCompile Include="MeshRenderer.cpp">
      <Filter>Source\Renderer</Filter>
    </ClCompile>
    <ClCompile Include="TextRenderer.cpp">
      <Filter>Source\Renderer</Filter>
    </ClCompile>
    <ClCompile Include="FrameRenderer.cpp">
      <Filter>Source\Renderer</Filter>
    </ClCompile>
    <ClCompile Include="Level.cpp">
      <Filter>Source\Game</Filter>
    </ClCompile>
    <ClCompile Include="MeshManager.cpp">
      <Filter>Source\Renderer</Filter>
    </ClCompile>
    <ClCompile Include="Game.cpp">
      <Filter>Source\Game</Filter>
    </ClCompile>
    <ClCompile Include="InputManager.cpp">
      <Filter>Source\Inputs</Filter>
    </ClCompile>
    <ClCompile Include="TextureManager.cpp">
      <Filter>Source\Renderer</Filter>
    </ClCompile>
    <ClCompile Include="Object.cpp">
      <Filter>Source\Objects</Filter>
    </ClCompile>
    <ClCompile Include="Actor.cpp">
      <Filter>Source\Objects</Filter>
    </ClCompile>
    <ClCompile Include="Pawn.cpp">
      <Filter>Source\Objects</Filter>
    </ClCompile>
    <ClCompile Include="Character.cpp">
      <Filter>Source\Objects</Filter>
    </ClCompile>
    <ClCompile Include="Tiger.cpp">
      <Filter>Source\Gameplay</Filter>
    </ClCompile>
    <ClCompile Include="TestCameraPoint.cpp">
      <Filter>Source\Gameplay</Filter>
    </ClCompile>
    <ClCompile Include="Terrain.cpp">
      <Filter>Source\Gameplay</Filter>
    </ClCompile>
    <ClCompile Include="Car.cpp">
      <Filter>Source\Gameplay</Filter>
    </ClCompile>
    <ClCompile Include="GenericCamera.cpp">
      <Filter>Source\Gameplay</Filter>
    </ClCompile>
    <ClCompile Include="ShapeSphere.cpp">
      <Filter>Source\Collisions</Filter>
    </ClCompile>
    <ClCompile Include="ShapeAabb.cpp">
      <Filter>Source\Collisions</Filter>
    </ClCompile>
    <ClCompile Include="Collisions.cpp">
      <Filter>Source\Collisions</Filter>
    </ClCompile>
    <ClCompile Include="CollisionResult.cpp">
      <Filter>Source\Collisions</Filter>
    </ClCompile>
    <ClCompile Include="FreeCamera.cpp">
      <Filter>Source\Gameplay</Filter>
    </ClCompile>
    <ClCompile Include="ShapePlane.cpp">
      <Filter>Source\Collisions</Filter>
    </ClCompile>
    <ClCompile Include="Projectile.cpp">
      <Filter>Source\Gameplay</Filter>
    </ClCompile>
  </ItemGroup>
  <ItemGroup>
    <Image Include="PlayGames.ico">
      <Filter>Resource</Filter>
    </Image>
  </ItemGroup>
  <ItemGroup>
    <ClInclude Include="resource.h">
      <Filter>Resource</Filter>
    </ClInclude>
    <ClInclude Include="IRenderer.h">
      <Filter>Source\Renderer</Filter>
    </ClInclude>
    <ClInclude Include="Renderer.h">
      <Filter>Source\Renderer</Filter>
    </ClInclude>
    <ClInclude Include="CameraManager.h">
      <Filter>Source\Camera</Filter>
    </ClInclude>
    <ClInclude Include="RendererDevice.h">
      <Filter>Source\Renderer</Filter>
    </ClInclude>
    <ClInclude Include="Application.h">
      <Filter>Source\Application</Filter>
    </ClInclude>
    <ClInclude Include="Math.h">
      <Filter>Source\Utils</Filter>
    </ClInclude>
    <ClInclude Include="NonCopyable.h">
      <Filter>Source\Utils</Filter>
    </ClInclude>
    <ClInclude Include="PlatformDefinitions.h">
      <Filter>Source\Utils</Filter>
    </ClInclude>
    <ClInclude Include="Timer.h">
      <Filter>Source\Utils</Filter>
    </ClInclude>
    <ClInclude Include="VertexFormats.h">
      <Filter>Source\Renderer</Filter>
    </ClInclude>
    <ClInclude Include="Window.h">
      <Filter>Source\Application</Filter>
    </ClInclude>
    <ClInclude Include="RendererInitContext.h">
      <Filter>Source\Renderer</Filter>
    </ClInclude>
    <ClInclude Include="WindowInitContext.h">
      <Filter>Source\Application</Filter>
    </ClInclude>
    <ClInclude Include="FrameRenderer.h">
      <Filter>Source\Renderer</Filter>
    </ClInclude>
    <ClInclude Include="LineRenderer.h">
      <Filter>Source\Renderer</Filter>
    </ClInclude>
    <ClInclude Include="MeshRenderer.h">
      <Filter>Source\Renderer</Filter>
    </ClInclude>
    <ClInclude Include="TextRenderer.h">
      <Filter>Source\Renderer</Filter>
    </ClInclude>
    <ClInclude Include="Renderables.h">
      <Filter>Source\Renderer</Filter>
    </ClInclude>
    <ClInclude Include="Mesh.h">
      <Filter>Source\Renderer</Filter>
    </ClInclude>
    <ClInclude Include="Level.h">
      <Filter>Source\Game</Filter>
    </ClInclude>
    <ClInclude Include="MeshManager.h">
      <Filter>Source\Renderer</Filter>
    </ClInclude>
    <ClInclude Include="Game.h">
      <Filter>Source\Game</Filter>
    </ClInclude>
    <ClInclude Include="WindowListeners.h">
      <Filter>Source\Application</Filter>
    </ClInclude>
    <ClInclude Include="InputManager.h">
      <Filter>Source\Inputs</Filter>
    </ClInclude>
    <ClInclude Include="TextureManager.h">
      <Filter>Source\Renderer</Filter>
    </ClInclude>
    <ClInclude Include="Texture.h">
      <Filter>Source\Renderer</Filter>
    </ClInclude>
    <ClInclude Include="Object.h">
      <Filter>Source\Objects</Filter>
    </ClInclude>
    <ClInclude Include="Actor.h">
      <Filter>Source\Objects</Filter>
    </ClInclude>
    <ClInclude Include="Pawn.h">
      <Filter>Source\Objects</Filter>
    </ClInclude>
    <ClInclude Include="Character.h">
      <Filter>Source\Objects</Filter>
    </ClInclude>
    <ClInclude Include="Tiger.h">
      <Filter>Source\Gameplay</Filter>
    </ClInclude>
    <ClInclude Include="TestCameraPoint.h">
      <Filter>Source\Gameplay</Filter>
    </ClInclude>
    <ClInclude Include="Terrain.h">
      <Filter>Source\Gameplay</Filter>
    </ClInclude>
    <ClInclude Include="Car.h">
      <Filter>Source\Gameplay</Filter>
    </ClInclude>
    <ClInclude Include="GenericCamera.h">
      <Filter>Source\Gameplay</Filter>
    </ClInclude>
    <ClInclude Include="CollisionResult.h">
      <Filter>Source\Collisions</Filter>
    </ClInclude>
    <ClInclude Include="Collisions.h">
      <Filter>Source\Collisions</Filter>
    </ClInclude>
    <ClInclude Include="ShapeAabb.h">
      <Filter>Source\Collisions</Filter>
    </ClInclude>
    <ClInclude Include="ShapeSphere.h">
      <Filter>Source\Collisions</Filter>
    </ClInclude>
    <ClInclude Include="FreeCamera.h">
      <Filter>Source\Gameplay</Filter>
    </ClInclude>
    <ClInclude Include="ShapePlane.h">
      <Filter>Source\Collisions</Filter>
    </ClInclude>
    <ClInclude Include="Projectile.h">
      <Filter>Source\Gameplay</Filter>
    </ClInclude>
  </ItemGroup>
  <ItemGroup>
    <ResourceCompile Include="FirstEngine.rc">
      <Filter>Resource</Filter>
    </ResourceCompile>
  </ItemGroup>
</Project>